
Microsoft Visual Studio Solution File, Format Version 12.00
# Visual Studio Version 16
VisualStudioVersion = 16.0.30114.105
MinimumVisualStudioVersion = 10.0.40219.1
Project("{FAE04EC0-301F-11D3-BF4B-00C04F79EFBC}") = "Shuffle the Array", "LeetCodeIssue\Shuffle the Array.csproj", "{E0C10BDB-BA72-4A26-ACF2-9D1CC1E026DA}"
EndProject
Project("{9A19103F-16F7-4668-BE54-9A1E7A4F7556}") = "Defanging an IP Address", "Defanging an IP Address\Defanging an IP Address.csproj", "{8D22A35E-C834-4B4C-8D8F-F5D790217F56}"
EndProject
Project("{FAE04EC0-301F-11D3-BF4B-00C04F79EFBC}") = "Search a 2D Matrix", "Search a 2D Matrix\Search a 2D Matrix.csproj", "{D608DBE9-45DE-4615-B5A2-5D5CE4BB58F3}"
EndProject
Project("{FAE04EC0-301F-11D3-BF4B-00C04F79EFBC}") = "Occurrences After Bigram", "Occurrences After Bigram\Occurrences After Bigram.csproj", "{959636EA-B57B-4817-9CD0-7A5A6A12F35D}"
EndProject
Project("{FAE04EC0-301F-11D3-BF4B-00C04F79EFBC}") = "Kids With the Greatest Number of Candies", "Kids With the Greatest Number of Candies\Kids With the Greatest Number of Candies.csproj", "{A4F6B536-8675-4E17-9A46-C7A41E9A034D}"
EndProject
Project("{FAE04EC0-301F-11D3-BF4B-00C04F79EFBC}") = "Number of Steps to Reduce a Number to Zero", "Number of Steps to Reduce a Number to Zero\Number of Steps to Reduce a Number to Zero.csproj", "{565D9DD8-8990-4498-9FEB-963C94718958}"
EndProject
Project("{FAE04EC0-301F-11D3-BF4B-00C04F79EFBC}") = "String to Integer (atoi)", "String to Integer (atoi)\String to Integer (atoi).csproj", "{C78D0B05-5804-4F8D-993E-750406E6EA8A}"
EndProject
Project("{FAE04EC0-301F-11D3-BF4B-00C04F79EFBC}") = "Reducing Dishes", "Reducing Dishes\Reducing Dishes.csproj", "{0CD3ECEC-A2AC-4D57-A6B4-8915BA11D115}"
EndProject
Project("{FAE04EC0-301F-11D3-BF4B-00C04F79EFBC}") = "Hamming distance", "Hamming distance\Hamming distance.csproj", "{42AB1869-66F2-4309-B99E-4717641C06F8}"
EndProject
Project("{FAE04EC0-301F-11D3-BF4B-00C04F79EFBC}") = "Add Strings", "Add Strings\Add Strings.csproj", "{4B22EEDB-E5F2-4B7A-9F99-0962DF6CA5D5}"
EndProject
Project("{FAE04EC0-301F-11D3-BF4B-00C04F79EFBC}") = "Count of Reorders", "Count of Reorders\Count of Reorders.csproj", "{50D09518-0ADB-47D5-BB51-18E7DB70EAE4}"
EndProject
Project("{FAE04EC0-301F-11D3-BF4B-00C04F79EFBC}") = "NameValidation", "NameValidation\NameValidation.csproj", "{DCD9F635-B07E-4207-8BAE-228BB14E87EF}"
EndProject
Project("{FAE04EC0-301F-11D3-BF4B-00C04F79EFBC}") = "ReverseImage", "ReverseImage\ReverseImage.csproj", "{2F393401-7615-4BDD-A5D2-BAABE85D97A0}"
EndProject
Project("{FAE04EC0-301F-11D3-BF4B-00C04F79EFBC}") = "Leaf-Similar Trees", "Leaf-Similar Trees\Leaf-Similar Trees.csproj", "{DCED1203-13A1-48E0-BFDA-E0516CFB8791}"
EndProject
Project("{FAE04EC0-301F-11D3-BF4B-00C04F79EFBC}") = "Left-Leavs-Sum", "Left-Leavs-Sum\Left-Leavs-Sum.csproj", "{10D7F9EB-D116-47B0-8B6D-055F2238DA54}"
EndProject
Project("{FAE04EC0-301F-11D3-BF4B-00C04F79EFBC}") = "Stairs", "Stairs\Stairs.csproj", "{0C083966-C3B8-4BE4-BFD3-467819AD63C1}"
EndProject
Project("{FAE04EC0-301F-11D3-BF4B-00C04F79EFBC}") = "WellFormedWords", "WellFormedWords\WellFormedWords.csproj", "{CC48FF6C-EC6D-4AFB-92EF-B3812E5BEE2B}"
EndProject
Project("{FAE04EC0-301F-11D3-BF4B-00C04F79EFBC}") = "Number of Dice Rolls With Target Sum", "Number of Dice Rolls With Target Sum\Number of Dice Rolls With Target Sum.csproj", "{F5BEAE8E-3276-44FD-AD5D-59C0208DC0FF}"
EndProject
Project("{9A19103F-16F7-4668-BE54-9A1E7A4F7556}") = "Two Sum", "Two Sum\Two Sum.csproj", "{74782BF5-6648-4412-8932-89D0BA321788}"
EndProject
Project("{FAE04EC0-301F-11D3-BF4B-00C04F79EFBC}") = "rEVERSiNT", "rEVERSiNT\rEVERSiNT.csproj", "{9E9A6950-EB84-41EC-A9FC-822081926F82}"
EndProject
Project("{FAE04EC0-301F-11D3-BF4B-00C04F79EFBC}") = "Remove Item From List", "Remove Item From List\Remove Item From List.csproj", "{1F9A25D5-9343-45A7-84DF-758779B5CF5A}"
EndProject
Project("{FAE04EC0-301F-11D3-BF4B-00C04F79EFBC}") = "Trees", "Trees\Trees.csproj", "{6D9E636A-2009-456B-B449-15AE95F4A7EA}"
EndProject
Project("{FAE04EC0-301F-11D3-BF4B-00C04F79EFBC}") = "Test", "Test\Test.csproj", "{7FE0E19D-56CA-4AB3-B4FF-786BC48CCB78}"
EndProject
Global
	GlobalSection(SolutionConfigurationPlatforms) = preSolution
		Debug|Any CPU = Debug|Any CPU
		Debug|x64 = Debug|x64
		Debug|x86 = Debug|x86
		Release|Any CPU = Release|Any CPU
		Release|x64 = Release|x64
		Release|x86 = Release|x86
	EndGlobalSection
	GlobalSection(ProjectConfigurationPlatforms) = postSolution
		{E0C10BDB-BA72-4A26-ACF2-9D1CC1E026DA}.Debug|Any CPU.ActiveCfg = Debug|Any CPU
		{E0C10BDB-BA72-4A26-ACF2-9D1CC1E026DA}.Debug|Any CPU.Build.0 = Debug|Any CPU
		{E0C10BDB-BA72-4A26-ACF2-9D1CC1E026DA}.Debug|x64.ActiveCfg = Debug|Any CPU
		{E0C10BDB-BA72-4A26-ACF2-9D1CC1E026DA}.Debug|x64.Build.0 = Debug|Any CPU
		{E0C10BDB-BA72-4A26-ACF2-9D1CC1E026DA}.Debug|x86.ActiveCfg = Debug|Any CPU
		{E0C10BDB-BA72-4A26-ACF2-9D1CC1E026DA}.Debug|x86.Build.0 = Debug|Any CPU
		{E0C10BDB-BA72-4A26-ACF2-9D1CC1E026DA}.Release|Any CPU.ActiveCfg = Release|Any CPU
		{E0C10BDB-BA72-4A26-ACF2-9D1CC1E026DA}.Release|Any CPU.Build.0 = Release|Any CPU
		{E0C10BDB-BA72-4A26-ACF2-9D1CC1E026DA}.Release|x64.ActiveCfg = Release|Any CPU
		{E0C10BDB-BA72-4A26-ACF2-9D1CC1E026DA}.Release|x64.Build.0 = Release|Any CPU
		{E0C10BDB-BA72-4A26-ACF2-9D1CC1E026DA}.Release|x86.ActiveCfg = Release|Any CPU
		{E0C10BDB-BA72-4A26-ACF2-9D1CC1E026DA}.Release|x86.Build.0 = Release|Any CPU
		{8D22A35E-C834-4B4C-8D8F-F5D790217F56}.Debug|Any CPU.ActiveCfg = Debug|Any CPU
		{8D22A35E-C834-4B4C-8D8F-F5D790217F56}.Debug|Any CPU.Build.0 = Debug|Any CPU
		{8D22A35E-C834-4B4C-8D8F-F5D790217F56}.Debug|x64.ActiveCfg = Debug|Any CPU
		{8D22A35E-C834-4B4C-8D8F-F5D790217F56}.Debug|x64.Build.0 = Debug|Any CPU
		{8D22A35E-C834-4B4C-8D8F-F5D790217F56}.Debug|x86.ActiveCfg = Debug|Any CPU
		{8D22A35E-C834-4B4C-8D8F-F5D790217F56}.Debug|x86.Build.0 = Debug|Any CPU
		{8D22A35E-C834-4B4C-8D8F-F5D790217F56}.Release|Any CPU.ActiveCfg = Release|Any CPU
		{8D22A35E-C834-4B4C-8D8F-F5D790217F56}.Release|Any CPU.Build.0 = Release|Any CPU
		{8D22A35E-C834-4B4C-8D8F-F5D790217F56}.Release|x64.ActiveCfg = Release|Any CPU
		{8D22A35E-C834-4B4C-8D8F-F5D790217F56}.Release|x64.Build.0 = Release|Any CPU
		{8D22A35E-C834-4B4C-8D8F-F5D790217F56}.Release|x86.ActiveCfg = Release|Any CPU
		{8D22A35E-C834-4B4C-8D8F-F5D790217F56}.Release|x86.Build.0 = Release|Any CPU
		{D608DBE9-45DE-4615-B5A2-5D5CE4BB58F3}.Debug|Any CPU.ActiveCfg = Debug|Any CPU
		{D608DBE9-45DE-4615-B5A2-5D5CE4BB58F3}.Debug|Any CPU.Build.0 = Debug|Any CPU
		{D608DBE9-45DE-4615-B5A2-5D5CE4BB58F3}.Debug|x64.ActiveCfg = Debug|Any CPU
		{D608DBE9-45DE-4615-B5A2-5D5CE4BB58F3}.Debug|x64.Build.0 = Debug|Any CPU
		{D608DBE9-45DE-4615-B5A2-5D5CE4BB58F3}.Debug|x86.ActiveCfg = Debug|Any CPU
		{D608DBE9-45DE-4615-B5A2-5D5CE4BB58F3}.Debug|x86.Build.0 = Debug|Any CPU
		{D608DBE9-45DE-4615-B5A2-5D5CE4BB58F3}.Release|Any CPU.ActiveCfg = Release|Any CPU
		{D608DBE9-45DE-4615-B5A2-5D5CE4BB58F3}.Release|Any CPU.Build.0 = Release|Any CPU
		{D608DBE9-45DE-4615-B5A2-5D5CE4BB58F3}.Release|x64.ActiveCfg = Release|Any CPU
		{D608DBE9-45DE-4615-B5A2-5D5CE4BB58F3}.Release|x64.Build.0 = Release|Any CPU
		{D608DBE9-45DE-4615-B5A2-5D5CE4BB58F3}.Release|x86.ActiveCfg = Release|Any CPU
		{D608DBE9-45DE-4615-B5A2-5D5CE4BB58F3}.Release|x86.Build.0 = Release|Any CPU
		{959636EA-B57B-4817-9CD0-7A5A6A12F35D}.Debug|Any CPU.ActiveCfg = Debug|Any CPU
		{959636EA-B57B-4817-9CD0-7A5A6A12F35D}.Debug|Any CPU.Build.0 = Debug|Any CPU
		{959636EA-B57B-4817-9CD0-7A5A6A12F35D}.Debug|x64.ActiveCfg = Debug|Any CPU
		{959636EA-B57B-4817-9CD0-7A5A6A12F35D}.Debug|x64.Build.0 = Debug|Any CPU
		{959636EA-B57B-4817-9CD0-7A5A6A12F35D}.Debug|x86.ActiveCfg = Debug|Any CPU
		{959636EA-B57B-4817-9CD0-7A5A6A12F35D}.Debug|x86.Build.0 = Debug|Any CPU
		{959636EA-B57B-4817-9CD0-7A5A6A12F35D}.Release|Any CPU.ActiveCfg = Release|Any CPU
		{959636EA-B57B-4817-9CD0-7A5A6A12F35D}.Release|Any CPU.Build.0 = Release|Any CPU
		{959636EA-B57B-4817-9CD0-7A5A6A12F35D}.Release|x64.ActiveCfg = Release|Any CPU
		{959636EA-B57B-4817-9CD0-7A5A6A12F35D}.Release|x64.Build.0 = Release|Any CPU
		{959636EA-B57B-4817-9CD0-7A5A6A12F35D}.Release|x86.ActiveCfg = Release|Any CPU
		{959636EA-B57B-4817-9CD0-7A5A6A12F35D}.Release|x86.Build.0 = Release|Any CPU
		{A4F6B536-8675-4E17-9A46-C7A41E9A034D}.Debug|Any CPU.ActiveCfg = Debug|Any CPU
		{A4F6B536-8675-4E17-9A46-C7A41E9A034D}.Debug|Any CPU.Build.0 = Debug|Any CPU
		{A4F6B536-8675-4E17-9A46-C7A41E9A034D}.Debug|x64.ActiveCfg = Debug|Any CPU
		{A4F6B536-8675-4E17-9A46-C7A41E9A034D}.Debug|x64.Build.0 = Debug|Any CPU
		{A4F6B536-8675-4E17-9A46-C7A41E9A034D}.Debug|x86.ActiveCfg = Debug|Any CPU
		{A4F6B536-8675-4E17-9A46-C7A41E9A034D}.Debug|x86.Build.0 = Debug|Any CPU
		{A4F6B536-8675-4E17-9A46-C7A41E9A034D}.Release|Any CPU.ActiveCfg = Release|Any CPU
		{A4F6B536-8675-4E17-9A46-C7A41E9A034D}.Release|Any CPU.Build.0 = Release|Any CPU
		{A4F6B536-8675-4E17-9A46-C7A41E9A034D}.Release|x64.ActiveCfg = Release|Any CPU
		{A4F6B536-8675-4E17-9A46-C7A41E9A034D}.Release|x64.Build.0 = Release|Any CPU
		{A4F6B536-8675-4E17-9A46-C7A41E9A034D}.Release|x86.ActiveCfg = Release|Any CPU
		{A4F6B536-8675-4E17-9A46-C7A41E9A034D}.Release|x86.Build.0 = Release|Any CPU
		{565D9DD8-8990-4498-9FEB-963C94718958}.Debug|Any CPU.ActiveCfg = Debug|Any CPU
		{565D9DD8-8990-4498-9FEB-963C94718958}.Debug|Any CPU.Build.0 = Debug|Any CPU
		{565D9DD8-8990-4498-9FEB-963C94718958}.Debug|x64.ActiveCfg = Debug|Any CPU
		{565D9DD8-8990-4498-9FEB-963C94718958}.Debug|x64.Build.0 = Debug|Any CPU
		{565D9DD8-8990-4498-9FEB-963C94718958}.Debug|x86.ActiveCfg = Debug|Any CPU
		{565D9DD8-8990-4498-9FEB-963C94718958}.Debug|x86.Build.0 = Debug|Any CPU
		{565D9DD8-8990-4498-9FEB-963C94718958}.Release|Any CPU.ActiveCfg = Release|Any CPU
		{565D9DD8-8990-4498-9FEB-963C94718958}.Release|Any CPU.Build.0 = Release|Any CPU
		{565D9DD8-8990-4498-9FEB-963C94718958}.Release|x64.ActiveCfg = Release|Any CPU
		{565D9DD8-8990-4498-9FEB-963C94718958}.Release|x64.Build.0 = Release|Any CPU
		{565D9DD8-8990-4498-9FEB-963C94718958}.Release|x86.ActiveCfg = Release|Any CPU
		{565D9DD8-8990-4498-9FEB-963C94718958}.Release|x86.Build.0 = Release|Any CPU
		{C78D0B05-5804-4F8D-993E-750406E6EA8A}.Debug|Any CPU.ActiveCfg = Debug|Any CPU
		{C78D0B05-5804-4F8D-993E-750406E6EA8A}.Debug|Any CPU.Build.0 = Debug|Any CPU
		{C78D0B05-5804-4F8D-993E-750406E6EA8A}.Debug|x64.ActiveCfg = Debug|Any CPU
		{C78D0B05-5804-4F8D-993E-750406E6EA8A}.Debug|x64.Build.0 = Debug|Any CPU
		{C78D0B05-5804-4F8D-993E-750406E6EA8A}.Debug|x86.ActiveCfg = Debug|Any CPU
		{C78D0B05-5804-4F8D-993E-750406E6EA8A}.Debug|x86.Build.0 = Debug|Any CPU
		{C78D0B05-5804-4F8D-993E-750406E6EA8A}.Release|Any CPU.ActiveCfg = Release|Any CPU
		{C78D0B05-5804-4F8D-993E-750406E6EA8A}.Release|Any CPU.Build.0 = Release|Any CPU
		{C78D0B05-5804-4F8D-993E-750406E6EA8A}.Release|x64.ActiveCfg = Release|Any CPU
		{C78D0B05-5804-4F8D-993E-750406E6EA8A}.Release|x64.Build.0 = Release|Any CPU
		{C78D0B05-5804-4F8D-993E-750406E6EA8A}.Release|x86.ActiveCfg = Release|Any CPU
		{C78D0B05-5804-4F8D-993E-750406E6EA8A}.Release|x86.Build.0 = Release|Any CPU
		{0CD3ECEC-A2AC-4D57-A6B4-8915BA11D115}.Debug|Any CPU.ActiveCfg = Debug|Any CPU
		{0CD3ECEC-A2AC-4D57-A6B4-8915BA11D115}.Debug|Any CPU.Build.0 = Debug|Any CPU
		{0CD3ECEC-A2AC-4D57-A6B4-8915BA11D115}.Debug|x64.ActiveCfg = Debug|Any CPU
		{0CD3ECEC-A2AC-4D57-A6B4-8915BA11D115}.Debug|x64.Build.0 = Debug|Any CPU
		{0CD3ECEC-A2AC-4D57-A6B4-8915BA11D115}.Debug|x86.ActiveCfg = Debug|Any CPU
		{0CD3ECEC-A2AC-4D57-A6B4-8915BA11D115}.Debug|x86.Build.0 = Debug|Any CPU
		{0CD3ECEC-A2AC-4D57-A6B4-8915BA11D115}.Release|Any CPU.ActiveCfg = Release|Any CPU
		{0CD3ECEC-A2AC-4D57-A6B4-8915BA11D115}.Release|Any CPU.Build.0 = Release|Any CPU
		{0CD3ECEC-A2AC-4D57-A6B4-8915BA11D115}.Release|x64.ActiveCfg = Release|Any CPU
		{0CD3ECEC-A2AC-4D57-A6B4-8915BA11D115}.Release|x64.Build.0 = Release|Any CPU
		{0CD3ECEC-A2AC-4D57-A6B4-8915BA11D115}.Release|x86.ActiveCfg = Release|Any CPU
		{0CD3ECEC-A2AC-4D57-A6B4-8915BA11D115}.Release|x86.Build.0 = Release|Any CPU
		{42AB1869-66F2-4309-B99E-4717641C06F8}.Debug|Any CPU.ActiveCfg = Debug|Any CPU
		{42AB1869-66F2-4309-B99E-4717641C06F8}.Debug|Any CPU.Build.0 = Debug|Any CPU
		{42AB1869-66F2-4309-B99E-4717641C06F8}.Debug|x64.ActiveCfg = Debug|Any CPU
		{42AB1869-66F2-4309-B99E-4717641C06F8}.Debug|x64.Build.0 = Debug|Any CPU
		{42AB1869-66F2-4309-B99E-4717641C06F8}.Debug|x86.ActiveCfg = Debug|Any CPU
		{42AB1869-66F2-4309-B99E-4717641C06F8}.Debug|x86.Build.0 = Debug|Any CPU
		{42AB1869-66F2-4309-B99E-4717641C06F8}.Release|Any CPU.ActiveCfg = Release|Any CPU
		{42AB1869-66F2-4309-B99E-4717641C06F8}.Release|Any CPU.Build.0 = Release|Any CPU
		{42AB1869-66F2-4309-B99E-4717641C06F8}.Release|x64.ActiveCfg = Release|Any CPU
		{42AB1869-66F2-4309-B99E-4717641C06F8}.Release|x64.Build.0 = Release|Any CPU
		{42AB1869-66F2-4309-B99E-4717641C06F8}.Release|x86.ActiveCfg = Release|Any CPU
		{42AB1869-66F2-4309-B99E-4717641C06F8}.Release|x86.Build.0 = Release|Any CPU
		{4B22EEDB-E5F2-4B7A-9F99-0962DF6CA5D5}.Debug|Any CPU.ActiveCfg = Debug|Any CPU
		{4B22EEDB-E5F2-4B7A-9F99-0962DF6CA5D5}.Debug|Any CPU.Build.0 = Debug|Any CPU
		{4B22EEDB-E5F2-4B7A-9F99-0962DF6CA5D5}.Debug|x64.ActiveCfg = Debug|Any CPU
		{4B22EEDB-E5F2-4B7A-9F99-0962DF6CA5D5}.Debug|x64.Build.0 = Debug|Any CPU
		{4B22EEDB-E5F2-4B7A-9F99-0962DF6CA5D5}.Debug|x86.ActiveCfg = Debug|Any CPU
		{4B22EEDB-E5F2-4B7A-9F99-0962DF6CA5D5}.Debug|x86.Build.0 = Debug|Any CPU
		{4B22EEDB-E5F2-4B7A-9F99-0962DF6CA5D5}.Release|Any CPU.ActiveCfg = Release|Any CPU
		{4B22EEDB-E5F2-4B7A-9F99-0962DF6CA5D5}.Release|Any CPU.Build.0 = Release|Any CPU
		{4B22EEDB-E5F2-4B7A-9F99-0962DF6CA5D5}.Release|x64.ActiveCfg = Release|Any CPU
		{4B22EEDB-E5F2-4B7A-9F99-0962DF6CA5D5}.Release|x64.Build.0 = Release|Any CPU
		{4B22EEDB-E5F2-4B7A-9F99-0962DF6CA5D5}.Release|x86.ActiveCfg = Release|Any CPU
		{4B22EEDB-E5F2-4B7A-9F99-0962DF6CA5D5}.Release|x86.Build.0 = Release|Any CPU
		{50D09518-0ADB-47D5-BB51-18E7DB70EAE4}.Debug|Any CPU.ActiveCfg = Debug|Any CPU
		{50D09518-0ADB-47D5-BB51-18E7DB70EAE4}.Debug|Any CPU.Build.0 = Debug|Any CPU
		{50D09518-0ADB-47D5-BB51-18E7DB70EAE4}.Debug|x64.ActiveCfg = Debug|Any CPU
		{50D09518-0ADB-47D5-BB51-18E7DB70EAE4}.Debug|x64.Build.0 = Debug|Any CPU
		{50D09518-0ADB-47D5-BB51-18E7DB70EAE4}.Debug|x86.ActiveCfg = Debug|Any CPU
		{50D09518-0ADB-47D5-BB51-18E7DB70EAE4}.Debug|x86.Build.0 = Debug|Any CPU
		{50D09518-0ADB-47D5-BB51-18E7DB70EAE4}.Release|Any CPU.ActiveCfg = Release|Any CPU
		{50D09518-0ADB-47D5-BB51-18E7DB70EAE4}.Release|Any CPU.Build.0 = Release|Any CPU
		{50D09518-0ADB-47D5-BB51-18E7DB70EAE4}.Release|x64.ActiveCfg = Release|Any CPU
		{50D09518-0ADB-47D5-BB51-18E7DB70EAE4}.Release|x64.Build.0 = Release|Any CPU
		{50D09518-0ADB-47D5-BB51-18E7DB70EAE4}.Release|x86.ActiveCfg = Release|Any CPU
		{50D09518-0ADB-47D5-BB51-18E7DB70EAE4}.Release|x86.Build.0 = Release|Any CPU
		{DCD9F635-B07E-4207-8BAE-228BB14E87EF}.Debug|Any CPU.ActiveCfg = Debug|Any CPU
		{DCD9F635-B07E-4207-8BAE-228BB14E87EF}.Debug|Any CPU.Build.0 = Debug|Any CPU
		{DCD9F635-B07E-4207-8BAE-228BB14E87EF}.Debug|x64.ActiveCfg = Debug|Any CPU
		{DCD9F635-B07E-4207-8BAE-228BB14E87EF}.Debug|x64.Build.0 = Debug|Any CPU
		{DCD9F635-B07E-4207-8BAE-228BB14E87EF}.Debug|x86.ActiveCfg = Debug|Any CPU
		{DCD9F635-B07E-4207-8BAE-228BB14E87EF}.Debug|x86.Build.0 = Debug|Any CPU
		{DCD9F635-B07E-4207-8BAE-228BB14E87EF}.Release|Any CPU.ActiveCfg = Release|Any CPU
		{DCD9F635-B07E-4207-8BAE-228BB14E87EF}.Release|Any CPU.Build.0 = Release|Any CPU
		{DCD9F635-B07E-4207-8BAE-228BB14E87EF}.Release|x64.ActiveCfg = Release|Any CPU
		{DCD9F635-B07E-4207-8BAE-228BB14E87EF}.Release|x64.Build.0 = Release|Any CPU
		{DCD9F635-B07E-4207-8BAE-228BB14E87EF}.Release|x86.ActiveCfg = Release|Any CPU
		{DCD9F635-B07E-4207-8BAE-228BB14E87EF}.Release|x86.Build.0 = Release|Any CPU
		{2F393401-7615-4BDD-A5D2-BAABE85D97A0}.Debug|Any CPU.ActiveCfg = Debug|Any CPU
		{2F393401-7615-4BDD-A5D2-BAABE85D97A0}.Debug|Any CPU.Build.0 = Debug|Any CPU
		{2F393401-7615-4BDD-A5D2-BAABE85D97A0}.Debug|x64.ActiveCfg = Debug|Any CPU
		{2F393401-7615-4BDD-A5D2-BAABE85D97A0}.Debug|x64.Build.0 = Debug|Any CPU
		{2F393401-7615-4BDD-A5D2-BAABE85D97A0}.Debug|x86.ActiveCfg = Debug|Any CPU
		{2F393401-7615-4BDD-A5D2-BAABE85D97A0}.Debug|x86.Build.0 = Debug|Any CPU
		{2F393401-7615-4BDD-A5D2-BAABE85D97A0}.Release|Any CPU.ActiveCfg = Release|Any CPU
		{2F393401-7615-4BDD-A5D2-BAABE85D97A0}.Release|Any CPU.Build.0 = Release|Any CPU
		{2F393401-7615-4BDD-A5D2-BAABE85D97A0}.Release|x64.ActiveCfg = Release|Any CPU
		{2F393401-7615-4BDD-A5D2-BAABE85D97A0}.Release|x64.Build.0 = Release|Any CPU
		{2F393401-7615-4BDD-A5D2-BAABE85D97A0}.Release|x86.ActiveCfg = Release|Any CPU
		{2F393401-7615-4BDD-A5D2-BAABE85D97A0}.Release|x86.Build.0 = Release|Any CPU
		{DCED1203-13A1-48E0-BFDA-E0516CFB8791}.Debug|Any CPU.ActiveCfg = Debug|Any CPU
		{DCED1203-13A1-48E0-BFDA-E0516CFB8791}.Debug|Any CPU.Build.0 = Debug|Any CPU
		{DCED1203-13A1-48E0-BFDA-E0516CFB8791}.Debug|x64.ActiveCfg = Debug|Any CPU
		{DCED1203-13A1-48E0-BFDA-E0516CFB8791}.Debug|x64.Build.0 = Debug|Any CPU
		{DCED1203-13A1-48E0-BFDA-E0516CFB8791}.Debug|x86.ActiveCfg = Debug|Any CPU
		{DCED1203-13A1-48E0-BFDA-E0516CFB8791}.Debug|x86.Build.0 = Debug|Any CPU
		{DCED1203-13A1-48E0-BFDA-E0516CFB8791}.Release|Any CPU.ActiveCfg = Release|Any CPU
		{DCED1203-13A1-48E0-BFDA-E0516CFB8791}.Release|Any CPU.Build.0 = Release|Any CPU
		{DCED1203-13A1-48E0-BFDA-E0516CFB8791}.Release|x64.ActiveCfg = Release|Any CPU
		{DCED1203-13A1-48E0-BFDA-E0516CFB8791}.Release|x64.Build.0 = Release|Any CPU
		{DCED1203-13A1-48E0-BFDA-E0516CFB8791}.Release|x86.ActiveCfg = Release|Any CPU
		{DCED1203-13A1-48E0-BFDA-E0516CFB8791}.Release|x86.Build.0 = Release|Any CPU
		{10D7F9EB-D116-47B0-8B6D-055F2238DA54}.Debug|Any CPU.ActiveCfg = Debug|Any CPU
		{10D7F9EB-D116-47B0-8B6D-055F2238DA54}.Debug|Any CPU.Build.0 = Debug|Any CPU
		{10D7F9EB-D116-47B0-8B6D-055F2238DA54}.Debug|x64.ActiveCfg = Debug|Any CPU
		{10D7F9EB-D116-47B0-8B6D-055F2238DA54}.Debug|x64.Build.0 = Debug|Any CPU
		{10D7F9EB-D116-47B0-8B6D-055F2238DA54}.Debug|x86.ActiveCfg = Debug|Any CPU
		{10D7F9EB-D116-47B0-8B6D-055F2238DA54}.Debug|x86.Build.0 = Debug|Any CPU
		{10D7F9EB-D116-47B0-8B6D-055F2238DA54}.Release|Any CPU.ActiveCfg = Release|Any CPU
		{10D7F9EB-D116-47B0-8B6D-055F2238DA54}.Release|Any CPU.Build.0 = Release|Any CPU
		{10D7F9EB-D116-47B0-8B6D-055F2238DA54}.Release|x64.ActiveCfg = Release|Any CPU
		{10D7F9EB-D116-47B0-8B6D-055F2238DA54}.Release|x64.Build.0 = Release|Any CPU
		{10D7F9EB-D116-47B0-8B6D-055F2238DA54}.Release|x86.ActiveCfg = Release|Any CPU
		{10D7F9EB-D116-47B0-8B6D-055F2238DA54}.Release|x86.Build.0 = Release|Any CPU
		{0C083966-C3B8-4BE4-BFD3-467819AD63C1}.Debug|Any CPU.ActiveCfg = Debug|Any CPU
		{0C083966-C3B8-4BE4-BFD3-467819AD63C1}.Debug|Any CPU.Build.0 = Debug|Any CPU
		{0C083966-C3B8-4BE4-BFD3-467819AD63C1}.Debug|x64.ActiveCfg = Debug|Any CPU
		{0C083966-C3B8-4BE4-BFD3-467819AD63C1}.Debug|x64.Build.0 = Debug|Any CPU
		{0C083966-C3B8-4BE4-BFD3-467819AD63C1}.Debug|x86.ActiveCfg = Debug|Any CPU
		{0C083966-C3B8-4BE4-BFD3-467819AD63C1}.Debug|x86.Build.0 = Debug|Any CPU
		{0C083966-C3B8-4BE4-BFD3-467819AD63C1}.Release|Any CPU.ActiveCfg = Release|Any CPU
		{0C083966-C3B8-4BE4-BFD3-467819AD63C1}.Release|Any CPU.Build.0 = Release|Any CPU
		{0C083966-C3B8-4BE4-BFD3-467819AD63C1}.Release|x64.ActiveCfg = Release|Any CPU
		{0C083966-C3B8-4BE4-BFD3-467819AD63C1}.Release|x64.Build.0 = Release|Any CPU
		{0C083966-C3B8-4BE4-BFD3-467819AD63C1}.Release|x86.ActiveCfg = Release|Any CPU
		{0C083966-C3B8-4BE4-BFD3-467819AD63C1}.Release|x86.Build.0 = Release|Any CPU
		{CC48FF6C-EC6D-4AFB-92EF-B3812E5BEE2B}.Debug|Any CPU.ActiveCfg = Debug|Any CPU
		{CC48FF6C-EC6D-4AFB-92EF-B3812E5BEE2B}.Debug|Any CPU.Build.0 = Debug|Any CPU
		{CC48FF6C-EC6D-4AFB-92EF-B3812E5BEE2B}.Debug|x64.ActiveCfg = Debug|Any CPU
		{CC48FF6C-EC6D-4AFB-92EF-B3812E5BEE2B}.Debug|x64.Build.0 = Debug|Any CPU
		{CC48FF6C-EC6D-4AFB-92EF-B3812E5BEE2B}.Debug|x86.ActiveCfg = Debug|Any CPU
		{CC48FF6C-EC6D-4AFB-92EF-B3812E5BEE2B}.Debug|x86.Build.0 = Debug|Any CPU
		{CC48FF6C-EC6D-4AFB-92EF-B3812E5BEE2B}.Release|Any CPU.ActiveCfg = Release|Any CPU
		{CC48FF6C-EC6D-4AFB-92EF-B3812E5BEE2B}.Release|Any CPU.Build.0 = Release|Any CPU
		{CC48FF6C-EC6D-4AFB-92EF-B3812E5BEE2B}.Release|x64.ActiveCfg = Release|Any CPU
		{CC48FF6C-EC6D-4AFB-92EF-B3812E5BEE2B}.Release|x64.Build.0 = Release|Any CPU
		{CC48FF6C-EC6D-4AFB-92EF-B3812E5BEE2B}.Release|x86.ActiveCfg = Release|Any CPU
		{CC48FF6C-EC6D-4AFB-92EF-B3812E5BEE2B}.Release|x86.Build.0 = Release|Any CPU
		{F5BEAE8E-3276-44FD-AD5D-59C0208DC0FF}.Debug|Any CPU.ActiveCfg = Debug|Any CPU
		{F5BEAE8E-3276-44FD-AD5D-59C0208DC0FF}.Debug|Any CPU.Build.0 = Debug|Any CPU
		{F5BEAE8E-3276-44FD-AD5D-59C0208DC0FF}.Debug|x64.ActiveCfg = Debug|Any CPU
		{F5BEAE8E-3276-44FD-AD5D-59C0208DC0FF}.Debug|x64.Build.0 = Debug|Any CPU
		{F5BEAE8E-3276-44FD-AD5D-59C0208DC0FF}.Debug|x86.ActiveCfg = Debug|Any CPU
		{F5BEAE8E-3276-44FD-AD5D-59C0208DC0FF}.Debug|x86.Build.0 = Debug|Any CPU
		{F5BEAE8E-3276-44FD-AD5D-59C0208DC0FF}.Release|Any CPU.ActiveCfg = Release|Any CPU
		{F5BEAE8E-3276-44FD-AD5D-59C0208DC0FF}.Release|Any CPU.Build.0 = Release|Any CPU
		{F5BEAE8E-3276-44FD-AD5D-59C0208DC0FF}.Release|x64.ActiveCfg = Release|Any CPU
		{F5BEAE8E-3276-44FD-AD5D-59C0208DC0FF}.Release|x64.Build.0 = Release|Any CPU
		{F5BEAE8E-3276-44FD-AD5D-59C0208DC0FF}.Release|x86.ActiveCfg = Release|Any CPU
		{F5BEAE8E-3276-44FD-AD5D-59C0208DC0FF}.Release|x86.Build.0 = Release|Any CPU
		{74782BF5-6648-4412-8932-89D0BA321788}.Debug|Any CPU.ActiveCfg = Debug|Any CPU
		{74782BF5-6648-4412-8932-89D0BA321788}.Debug|Any CPU.Build.0 = Debug|Any CPU
		{74782BF5-6648-4412-8932-89D0BA321788}.Debug|x64.ActiveCfg = Debug|Any CPU
		{74782BF5-6648-4412-8932-89D0BA321788}.Debug|x64.Build.0 = Debug|Any CPU
		{74782BF5-6648-4412-8932-89D0BA321788}.Debug|x86.ActiveCfg = Debug|Any CPU
		{74782BF5-6648-4412-8932-89D0BA321788}.Debug|x86.Build.0 = Debug|Any CPU
		{74782BF5-6648-4412-8932-89D0BA321788}.Release|Any CPU.ActiveCfg = Release|Any CPU
		{74782BF5-6648-4412-8932-89D0BA321788}.Release|Any CPU.Build.0 = Release|Any CPU
		{74782BF5-6648-4412-8932-89D0BA321788}.Release|x64.ActiveCfg = Release|Any CPU
		{74782BF5-6648-4412-8932-89D0BA321788}.Release|x64.Build.0 = Release|Any CPU
		{74782BF5-6648-4412-8932-89D0BA321788}.Release|x86.ActiveCfg = Release|Any CPU
		{74782BF5-6648-4412-8932-89D0BA321788}.Release|x86.Build.0 = Release|Any CPU
		{9E9A6950-EB84-41EC-A9FC-822081926F82}.Debug|Any CPU.ActiveCfg = Debug|Any CPU
		{9E9A6950-EB84-41EC-A9FC-822081926F82}.Debug|Any CPU.Build.0 = Debug|Any CPU
		{9E9A6950-EB84-41EC-A9FC-822081926F82}.Debug|x64.ActiveCfg = Debug|Any CPU
		{9E9A6950-EB84-41EC-A9FC-822081926F82}.Debug|x64.Build.0 = Debug|Any CPU
		{9E9A6950-EB84-41EC-A9FC-822081926F82}.Debug|x86.ActiveCfg = Debug|Any CPU
		{9E9A6950-EB84-41EC-A9FC-822081926F82}.Debug|x86.Build.0 = Debug|Any CPU
		{9E9A6950-EB84-41EC-A9FC-822081926F82}.Release|Any CPU.ActiveCfg = Release|Any CPU
		{9E9A6950-EB84-41EC-A9FC-822081926F82}.Release|Any CPU.Build.0 = Release|Any CPU
		{9E9A6950-EB84-41EC-A9FC-822081926F82}.Release|x64.ActiveCfg = Release|Any CPU
		{9E9A6950-EB84-41EC-A9FC-822081926F82}.Release|x64.Build.0 = Release|Any CPU
		{9E9A6950-EB84-41EC-A9FC-822081926F82}.Release|x86.ActiveCfg = Release|Any CPU
		{9E9A6950-EB84-41EC-A9FC-822081926F82}.Release|x86.Build.0 = Release|Any CPU
		{1F9A25D5-9343-45A7-84DF-758779B5CF5A}.Debug|Any CPU.ActiveCfg = Debug|Any CPU
		{1F9A25D5-9343-45A7-84DF-758779B5CF5A}.Debug|Any CPU.Build.0 = Debug|Any CPU
		{1F9A25D5-9343-45A7-84DF-758779B5CF5A}.Debug|x64.ActiveCfg = Debug|Any CPU
		{1F9A25D5-9343-45A7-84DF-758779B5CF5A}.Debug|x64.Build.0 = Debug|Any CPU
		{1F9A25D5-9343-45A7-84DF-758779B5CF5A}.Debug|x86.ActiveCfg = Debug|Any CPU
		{1F9A25D5-9343-45A7-84DF-758779B5CF5A}.Debug|x86.Build.0 = Debug|Any CPU
		{1F9A25D5-9343-45A7-84DF-758779B5CF5A}.Release|Any CPU.ActiveCfg = Release|Any CPU
		{1F9A25D5-9343-45A7-84DF-758779B5CF5A}.Release|Any CPU.Build.0 = Release|Any CPU
		{1F9A25D5-9343-45A7-84DF-758779B5CF5A}.Release|x64.ActiveCfg = Release|Any CPU
		{1F9A25D5-9343-45A7-84DF-758779B5CF5A}.Release|x64.Build.0 = Release|Any CPU
		{1F9A25D5-9343-45A7-84DF-758779B5CF5A}.Release|x86.ActiveCfg = Release|Any CPU
		{1F9A25D5-9343-45A7-84DF-758779B5CF5A}.Release|x86.Build.0 = Release|Any CPU
		{6D9E636A-2009-456B-B449-15AE95F4A7EA}.Debug|Any CPU.ActiveCfg = Debug|Any CPU
		{6D9E636A-2009-456B-B449-15AE95F4A7EA}.Debug|Any CPU.Build.0 = Debug|Any CPU
		{6D9E636A-2009-456B-B449-15AE95F4A7EA}.Debug|x64.ActiveCfg = Debug|Any CPU
		{6D9E636A-2009-456B-B449-15AE95F4A7EA}.Debug|x64.Build.0 = Debug|Any CPU
		{6D9E636A-2009-456B-B449-15AE95F4A7EA}.Debug|x86.ActiveCfg = Debug|Any CPU
		{6D9E636A-2009-456B-B449-15AE95F4A7EA}.Debug|x86.Build.0 = Debug|Any CPU
		{6D9E636A-2009-456B-B449-15AE95F4A7EA}.Release|Any CPU.ActiveCfg = Release|Any CPU
		{6D9E636A-2009-456B-B449-15AE95F4A7EA}.Release|Any CPU.Build.0 = Release|Any CPU
		{6D9E636A-2009-456B-B449-15AE95F4A7EA}.Release|x64.ActiveCfg = Release|Any CPU
		{6D9E636A-2009-456B-B449-15AE95F4A7EA}.Release|x64.Build.0 = Release|Any CPU
		{6D9E636A-2009-456B-B449-15AE95F4A7EA}.Release|x86.ActiveCfg = Release|Any CPU
		{6D9E636A-2009-456B-B449-15AE95F4A7EA}.Release|x86.Build.0 = Release|Any CPU
		{7FE0E19D-56CA-4AB3-B4FF-786BC48CCB78}.Debug|Any CPU.ActiveCfg = Debug|Any CPU
		{7FE0E19D-56CA-4AB3-B4FF-786BC48CCB78}.Debug|Any CPU.Build.0 = Debug|Any CPU
		{7FE0E19D-56CA-4AB3-B4FF-786BC48CCB78}.Debug|x64.ActiveCfg = Debug|Any CPU
		{7FE0E19D-56CA-4AB3-B4FF-786BC48CCB78}.Debug|x64.Build.0 = Debug|Any CPU
		{7FE0E19D-56CA-4AB3-B4FF-786BC48CCB78}.Debug|x86.ActiveCfg = Debug|Any CPU
		{7FE0E19D-56CA-4AB3-B4FF-786BC48CCB78}.Debug|x86.Build.0 = Debug|Any CPU
		{7FE0E19D-56CA-4AB3-B4FF-786BC48CCB78}.Release|Any CPU.ActiveCfg = Release|Any CPU
		{7FE0E19D-56CA-4AB3-B4FF-786BC48CCB78}.Release|Any CPU.Build.0 = Release|Any CPU
		{7FE0E19D-56CA-4AB3-B4FF-786BC48CCB78}.Release|x64.ActiveCfg = Release|Any CPU
		{7FE0E19D-56CA-4AB3-B4FF-786BC48CCB78}.Release|x64.Build.0 = Release|Any CPU
		{7FE0E19D-56CA-4AB3-B4FF-786BC48CCB78}.Release|x86.ActiveCfg = Release|Any CPU
		{7FE0E19D-56CA-4AB3-B4FF-786BC48CCB78}.Release|x86.Build.0 = Release|Any CPU
	EndGlobalSection
	GlobalSection(SolutionProperties) = preSolution
		HideSolutionNode = FALSE
	EndGlobalSection
	GlobalSection(ExtensibilityGlobals) = postSolution
		SolutionGuid = {98EDCF41-7E21-455B-ABB7-13E27B50B232}
	EndGlobalSection
EndGlobal
